
Microsoft Visual Studio Solution File, Format Version 12.00
# Visual Studio 2012
Project("{FAE04EC0-301F-11D3-BF4B-00C04F79EFBC}") = "SUO", "SUO\SUO.csproj", "{946DCE65-ED46-40FE-A38E-F09B24183C23}"
EndProject
Project("{FAE04EC0-301F-11D3-BF4B-00C04F79EFBC}") = "SUO.UITests", "SUO.UITests\SUO.UITests.csproj", "{FD3C2BFB-F4EB-49EA-A4D9-34EFB969FDCB}"
EndProject
Global
	GlobalSection(SolutionConfigurationPlatforms) = preSolution
		Debug|Any CPU = Debug|Any CPU
		Release|Any CPU = Release|Any CPU
	EndGlobalSection
	GlobalSection(ProjectConfigurationPlatforms) = postSolution
		{946DCE65-ED46-40FE-A38E-F09B24183C23}.Debug|Any CPU.ActiveCfg = Debug|Any CPU
		{946DCE65-ED46-40FE-A38E-F09B24183C23}.Debug|Any CPU.Build.0 = Debug|Any CPU
		{946DCE65-ED46-40FE-A38E-F09B24183C23}.Release|Any CPU.ActiveCfg = Release|Any CPU
		{946DCE65-ED46-40FE-A38E-F09B24183C23}.Release|Any CPU.Build.0 = Release|Any CPU
		{FD3C2BFB-F4EB-49EA-A4D9-34EFB969FDCB}.Debug|Any CPU.ActiveCfg = Debug|Any CPU
		{FD3C2BFB-F4EB-49EA-A4D9-34EFB969FDCB}.Debug|Any CPU.Build.0 = Debug|Any CPU
		{FD3C2BFB-F4EB-49EA-A4D9-34EFB969FDCB}.Release|Any CPU.ActiveCfg = Release|Any CPU
		{FD3C2BFB-F4EB-49EA-A4D9-34EFB969FDCB}.Release|Any CPU.Build.0 = Release|Any CPU
	EndGlobalSection
EndGlobal
